
Microsoft Visual Studio Solution File, Format Version 12.00
# Visual Studio Version 17
VisualStudioVersion = 17.3.32811.315
MinimumVisualStudioVersion = 10.0.40219.1
Project("{8BC9CEB8-8B4A-11D0-8D11-00A0C91BC942}") = "Ember", "Ember\Ember.vcxproj", "{218285E9-9D23-490D-B993-BA992310B17C}"
EndProject
Global
	GlobalSection(SolutionConfigurationPlatforms) = preSolution
		Debug|x64 = Debug|x64
		Debug|x86 = Debug|x86
		Release|x64 = Release|x64
		Release|x86 = Release|x86
	EndGlobalSection
	GlobalSection(ProjectConfigurationPlatforms) = postSolution
		{218285E9-9D23-490D-B993-BA992310B17C}.Debug|x64.ActiveCfg = Debug|x64
		{218285E9-9D23-490D-B993-BA992310B17C}.Debug|x64.Build.0 = Debug|x64
		{218285E9-9D23-490D-B993-BA992310B17C}.Debug|x86.ActiveCfg = Debug|Win32
		{218285E9-9D23-490D-B993-BA992310B17C}.Debug|x86.Build.0 = Debug|Win32
		{218285E9-9D23-490D-B993-BA992310B17C}.Release|x64.ActiveCfg = Release|x64
		{218285E9-9D23-490D-B993-BA992310B17C}.Release|x64.Build.0 = Release|x64
		{218285E9-9D23-490D-B993-BA992310B17C}.Release|x86.ActiveCfg = Release|Win32
		{218285E9-9D23-490D-B993-BA992310B17C}.Release|x86.Build.0 = Release|Win32
	EndGlobalSection
	GlobalSection(SolutionProperties) = preSolution
		HideSolutionNode = FALSE
	EndGlobalSection
	GlobalSection(ExtensibilityGlobals) = postSolution
		SolutionGuid = {86CC6335-A14F-4A01-9F1E-A962D5A5437A}
	EndGlobalSection
EndGlobal
